
Microsoft Visual Studio Solution File, Format Version 12.00
# Visual Studio 15
VisualStudioVersion = 15.0.26124.0
MinimumVisualStudioVersion = 15.0.26124.0
Project("{FAE04EC0-301F-11D3-BF4B-00C04F79EFBC}") = "ProAgil.API", "ProAgil.API\ProAgil.API.csproj", "{350AA2CC-3A38-447E-8369-65DCD8126B72}"
EndProject
Project("{FAE04EC0-301F-11D3-BF4B-00C04F79EFBC}") = "ProAgil.Repository", "ProAgil.Repository\ProAgil.Repository.csproj", "{089E171D-5EFA-4A0D-A3FF-F5E9F056F116}"
EndProject
Project("{FAE04EC0-301F-11D3-BF4B-00C04F79EFBC}") = "ProAgil.Domain", "ProAgil.Domain\ProAgil.Domain.csproj", "{EEA81611-2E79-4904-8751-ECB3864709C9}"
EndProject
Global
	GlobalSection(SolutionConfigurationPlatforms) = preSolution
		Debug|Any CPU = Debug|Any CPU
		Debug|x64 = Debug|x64
		Debug|x86 = Debug|x86
		Release|Any CPU = Release|Any CPU
		Release|x64 = Release|x64
		Release|x86 = Release|x86
	EndGlobalSection
	GlobalSection(SolutionProperties) = preSolution
		HideSolutionNode = FALSE
	EndGlobalSection
	GlobalSection(ProjectConfigurationPlatforms) = postSolution
		{350AA2CC-3A38-447E-8369-65DCD8126B72}.Debug|Any CPU.ActiveCfg = Debug|Any CPU
		{350AA2CC-3A38-447E-8369-65DCD8126B72}.Debug|Any CPU.Build.0 = Debug|Any CPU
		{350AA2CC-3A38-447E-8369-65DCD8126B72}.Debug|x64.ActiveCfg = Debug|Any CPU
		{350AA2CC-3A38-447E-8369-65DCD8126B72}.Debug|x64.Build.0 = Debug|Any CPU
		{350AA2CC-3A38-447E-8369-65DCD8126B72}.Debug|x86.ActiveCfg = Debug|Any CPU
		{350AA2CC-3A38-447E-8369-65DCD8126B72}.Debug|x86.Build.0 = Debug|Any CPU
		{350AA2CC-3A38-447E-8369-65DCD8126B72}.Release|Any CPU.ActiveCfg = Release|Any CPU
		{350AA2CC-3A38-447E-8369-65DCD8126B72}.Release|Any CPU.Build.0 = Release|Any CPU
		{350AA2CC-3A38-447E-8369-65DCD8126B72}.Release|x64.ActiveCfg = Release|Any CPU
		{350AA2CC-3A38-447E-8369-65DCD8126B72}.Release|x64.Build.0 = Release|Any CPU
		{350AA2CC-3A38-447E-8369-65DCD8126B72}.Release|x86.ActiveCfg = Release|Any CPU
		{350AA2CC-3A38-447E-8369-65DCD8126B72}.Release|x86.Build.0 = Release|Any CPU
		{089E171D-5EFA-4A0D-A3FF-F5E9F056F116}.Debug|Any CPU.ActiveCfg = Debug|Any CPU
		{089E171D-5EFA-4A0D-A3FF-F5E9F056F116}.Debug|Any CPU.Build.0 = Debug|Any CPU
		{089E171D-5EFA-4A0D-A3FF-F5E9F056F116}.Debug|x64.ActiveCfg = Debug|Any CPU
		{089E171D-5EFA-4A0D-A3FF-F5E9F056F116}.Debug|x64.Build.0 = Debug|Any CPU
		{089E171D-5EFA-4A0D-A3FF-F5E9F056F116}.Debug|x86.ActiveCfg = Debug|Any CPU
		{089E171D-5EFA-4A0D-A3FF-F5E9F056F116}.Debug|x86.Build.0 = Debug|Any CPU
		{089E171D-5EFA-4A0D-A3FF-F5E9F056F116}.Release|Any CPU.ActiveCfg = Release|Any CPU
		{089E171D-5EFA-4A0D-A3FF-F5E9F056F116}.Release|Any CPU.Build.0 = Release|Any CPU
		{089E171D-5EFA-4A0D-A3FF-F5E9F056F116}.Release|x64.ActiveCfg = Release|Any CPU
		{089E171D-5EFA-4A0D-A3FF-F5E9F056F116}.Release|x64.Build.0 = Release|Any CPU
		{089E171D-5EFA-4A0D-A3FF-F5E9F056F116}.Release|x86.ActiveCfg = Release|Any CPU
		{089E171D-5EFA-4A0D-A3FF-F5E9F056F116}.Release|x86.Build.0 = Release|Any CPU
		{EEA81611-2E79-4904-8751-ECB3864709C9}.Debug|Any CPU.ActiveCfg = Debug|Any CPU
		{EEA81611-2E79-4904-8751-ECB3864709C9}.Debug|Any CPU.Build.0 = Debug|Any CPU
		{EEA81611-2E79-4904-8751-ECB3864709C9}.Debug|x64.ActiveCfg = Debug|Any CPU
		{EEA81611-2E79-4904-8751-ECB3864709C9}.Debug|x64.Build.0 = Debug|Any CPU
		{EEA81611-2E79-4904-8751-ECB3864709C9}.Debug|x86.ActiveCfg = Debug|Any CPU
		{EEA81611-2E79-4904-8751-ECB3864709C9}.Debug|x86.Build.0 = Debug|Any CPU
		{EEA81611-2E79-4904-8751-ECB3864709C9}.Release|Any CPU.ActiveCfg = Release|Any CPU
		{EEA81611-2E79-4904-8751-ECB3864709C9}.Release|Any CPU.Build.0 = Release|Any CPU
		{EEA81611-2E79-4904-8751-ECB3864709C9}.Release|x64.ActiveCfg = Release|Any CPU
		{EEA81611-2E79-4904-8751-ECB3864709C9}.Release|x64.Build.0 = Release|Any CPU
		{EEA81611-2E79-4904-8751-ECB3864709C9}.Release|x86.ActiveCfg = Release|Any CPU
		{EEA81611-2E79-4904-8751-ECB3864709C9}.Release|x86.Build.0 = Release|Any CPU
	EndGlobalSection
EndGlobal
